
Microsoft Visual Studio Solution File, Format Version 12.00
# Visual Studio Version 16
VisualStudioVersion = 16.0.32106.194
MinimumVisualStudioVersion = 10.0.40219.1
Project("{FAE04EC0-301F-11D3-BF4B-00C04F79EFBC}") = "Binary Search Tree", "Binary Search Tree\Binary Search Tree.csproj", "{DDD6F1AF-40FE-4FA1-B072-833B9CBC7B0D}"
EndProject
Global
	GlobalSection(SolutionConfigurationPlatforms) = preSolution
		Debug|Any CPU = Debug|Any CPU
		Release|Any CPU = Release|Any CPU
	EndGlobalSection
	GlobalSection(ProjectConfigurationPlatforms) = postSolution
		{DDD6F1AF-40FE-4FA1-B072-833B9CBC7B0D}.Debug|Any CPU.ActiveCfg = Debug|Any CPU
		{DDD6F1AF-40FE-4FA1-B072-833B9CBC7B0D}.Debug|Any CPU.Build.0 = Debug|Any CPU
		{DDD6F1AF-40FE-4FA1-B072-833B9CBC7B0D}.Release|Any CPU.ActiveCfg = Release|Any CPU
		{DDD6F1AF-40FE-4FA1-B072-833B9CBC7B0D}.Release|Any CPU.Build.0 = Release|Any CPU
	EndGlobalSection
	GlobalSection(SolutionProperties) = preSolution
		HideSolutionNode = FALSE
	EndGlobalSection
	GlobalSection(ExtensibilityGlobals) = postSolution
		SolutionGuid = {04F58575-D65A-44D3-B876-FD1D2DA1DE02}
	EndGlobalSection
EndGlobal
